PODS:
  - Flutter (1.0.0)
  - integration_test (0.0.1):
    - Flutter
  - myid (3.1.1):
    - Flutter
    - MyIdSDK (= 3.1.1)
  - myid_wrapper (0.0.3):
    - Flutter
    - MyIdSDK
  - MyIdSDK (3.1.1)

DEPENDENCIES:
  - Flutter (from `Flutter`)
  - integration_test (from `.symlinks/plugins/integration_test/ios`)
  - myid (from `.symlinks/plugins/myid/ios`)
  - myid_wrapper (from `.symlinks/plugins/myid_wrapper/ios`)

SPEC REPOS:
  trunk:
    - MyIdSDK

EXTERNAL SOURCES:
  Flutter:
    :path: Flutter
  integration_test:
    :path: ".symlinks/plugins/integration_test/ios"
  myid:
    :path: ".symlinks/plugins/myid/ios"
  myid_wrapper:
    :path: ".symlinks/plugins/myid_wrapper/ios"

SPEC CHECKSUMS:
  Flutter: cabc95a1d2626b1b06e7179b784ebcf0c0cde467
  integration_test: 252f60fa39af5e17c3aa9899d35d908a0721b573
  myid: 68276cdfd9d93d02c0d10bd11e89c280531a0831
  myid_wrapper: cf393543045ca8f9af5f86d14cde19be0b1f2d4d
  MyIdSDK: ea2cfe8f1940807becdc2dac24bc1bb5c33e1965

PODFILE CHECKSUM: 1959d098c91d8a792531a723c4a9d7e9f6a01e38

COCOAPODS: 1.16.2
