PODS:
  - Flutter (1.0.0)
  - integration_test (0.0.1):
    - Flutter
  - myid_wrapper (0.0.1):
    - Flutter
    - MyIdSDK
  - MyIdSDK (2.3.3)

DEPENDENCIES:
  - Flutter (from `Flutter`)
  - integration_test (from `.symlinks/plugins/integration_test/ios`)
  - myid_wrapper (from `.symlinks/plugins/myid_wrapper/ios`)

SPEC REPOS:
  trunk:
    - MyIdSDK

EXTERNAL SOURCES:
  Flutter:
    :path: Flutter
  integration_test:
    :path: ".symlinks/plugins/integration_test/ios"
  myid_wrapper:
    :path: ".symlinks/plugins/myid_wrapper/ios"

SPEC CHECKSUMS:
  Flutter: e0871f40cf51350855a761d2e70bf5af5b9b5de7
  integration_test: 252f60fa39af5e17c3aa9899d35d908a0721b573
  myid_wrapper: 5fefd9ce3e8d78203bc8838b8f30d0cdb38d422c
  MyIdSDK: 7e81df8dc44e318fee54591bb61de52a550cbf22

PODFILE CHECKSUM: 819463e6a0290f5a72f145ba7cde16e8b6ef0796

COCOAPODS: 1.15.2
